// !$*UTF8*$!
{
	archiveVersion = 1;
	classes = {
	};
	objectVersion = 56;
	objects = {

/* Begin PBXBuildFile section */
		8A24746E2B7CDD12004F655A /* CombineMoya in Frameworks */ = {isa = PBXBuildFile; productRef = 8A24746D2B7CDD12004F655A /* CombineMoya */; };
		8A2474702B7CDD12004F655A /* Moya in Frameworks */ = {isa = PBXBuildFile; productRef = 8A24746F2B7CDD12004F655A /* Moya */; };
		8A2474722B7CDD12004F655A /* ReactiveMoya in Frameworks */ = {isa = PBXBuildFile; productRef = 8A2474712B7CDD12004F655A /* ReactiveMoya */; };
		8A2474742B7CDD12004F655A /* RxMoya in Frameworks */ = {isa = PBXBuildFile; productRef = 8A2474732B7CDD12004F655A /* RxMoya */; };
		8A5A1C712B7CF11700F430AC /* MoyaProvider+defaultProvider.swift in Sources */ = {isa = PBXBuildFile; fileRef = 8A5A1C702B7CF11700F430AC /* MoyaProvider+defaultProvider.swift */; };
		8A5A1C732B7CF1A600F430AC /* MoyaProvider+asyncRequest.swift in Sources */ = {isa = PBXBuildFile; fileRef = 8A5A1C722B7CF1A600F430AC /* MoyaProvider+asyncRequest.swift */; };
		8A5A1C772B7CF44C00F430AC /* DefaultTargetType.swift in Sources */ = {isa = PBXBuildFile; fileRef = 8A5A1C762B7CF44C00F430AC /* DefaultTargetType.swift */; };
		8A5A1C7E2B7CF60700F430AC /* UserTargetType.swift in Sources */ = {isa = PBXBuildFile; fileRef = 8A5A1C7D2B7CF60700F430AC /* UserTargetType.swift */; };
		8A5A1C832B7CF8BC00F430AC /* UserResponse.swift in Sources */ = {isa = PBXBuildFile; fileRef = 8A5A1C822B7CF8BC00F430AC /* UserResponse.swift */; };
		8A5A1C852B7CF90F00F430AC /* UserRequest.swift in Sources */ = {isa = PBXBuildFile; fileRef = 8A5A1C842B7CF90F00F430AC /* UserRequest.swift */; };
		8A5A1C872B7CFB1000F430AC /* UserRepository.swift in Sources */ = {isa = PBXBuildFile; fileRef = 8A5A1C862B7CFB1000F430AC /* UserRepository.swift */; };
		8A5A1C892B7CFC4F00F430AC /* DefaultResponse.swift in Sources */ = {isa = PBXBuildFile; fileRef = 8A5A1C882B7CFC4F00F430AC /* DefaultResponse.swift */; };
		8A5A1C8E2B7CFE8300F430AC /* HomeViewModel.swift in Sources */ = {isa = PBXBuildFile; fileRef = 8A5A1C8D2B7CFE8300F430AC /* HomeViewModel.swift */; };
		8A5A1C902B7CFF7800F430AC /* HomeView.swift in Sources */ = {isa = PBXBuildFile; fileRef = 8A5A1C8F2B7CFF7800F430AC /* HomeView.swift */; };
		8ACC8B4F2B7CDBF8003A1DD9 /* MoyaDemoApp.swift in Sources */ = {isa = PBXBuildFile; fileRef = 8ACC8B4E2B7CDBF8003A1DD9 /* MoyaDemoApp.swift */; };
		8ACC8B512B7CDBF8003A1DD9 /* ContentView.swift in Sources */ = {isa = PBXBuildFile; fileRef = 8ACC8B502B7CDBF8003A1DD9 /* ContentView.swift */; };
		8ACC8B532B7CDBFA003A1DD9 /* Assets.xcassets in Resources */ = {isa = PBXBuildFile; fileRef = 8ACC8B522B7CDBFA003A1DD9 /* Assets.xcassets */; };
		8ACC8B562B7CDBFA003A1DD9 /* Preview Assets.xcassets in Resources */ = {isa = PBXBuildFile; fileRef = 8ACC8B552B7CDBFA003A1DD9 /* Preview Assets.xcassets */; };
		A94C56EE2B8FBD3C0079B61C /* AddUserView.swift in Sources */ = {isa = PBXBuildFile; fileRef = A94C56ED2B8FBD3C0079B61C /* AddUserView.swift */; };
		A94C56F32B90D7E30079B61C /* UserViewModel.swift in Sources */ = {isa = PBXBuildFile; fileRef = A94C56F22B90D7E30079B61C /* UserViewModel.swift */; };
/* End PBXBuildFile section */

/* Begin PBXFileReference section */
		8A5A1C702B7CF11700F430AC /* MoyaProvider+defaultProvider.swift */ = {isa = PBXFileReference; lastKnownFileType = sourcecode.swift; path = "MoyaProvider+defaultProvider.swift"; sourceTree = "<group>"; };
		8A5A1C722B7CF1A600F430AC /* MoyaProvider+asyncRequest.swift */ = {isa = PBXFileReference; lastKnownFileType = sourcecode.swift; path = "MoyaProvider+asyncRequest.swift"; sourceTree = "<group>"; };
		8A5A1C762B7CF44C00F430AC /* DefaultTargetType.swift */ = {isa = PBXFileReference; lastKnownFileType = sourcecode.swift; path = DefaultTargetType.swift; sourceTree = "<group>"; };
		8A5A1C7D2B7CF60700F430AC /* UserTargetType.swift */ = {isa = PBXFileReference; lastKnownFileType = sourcecode.swift; path = UserTargetType.swift; sourceTree = "<group>"; };
		8A5A1C822B7CF8BC00F430AC /* UserResponse.swift */ = {isa = PBXFileReference; lastKnownFileType = sourcecode.swift; path = UserResponse.swift; sourceTree = "<group>"; };
		8A5A1C842B7CF90F00F430AC /* UserRequest.swift */ = {isa = PBXFileReference; lastKnownFileType = sourcecode.swift; path = UserRequest.swift; sourceTree = "<group>"; };
		8A5A1C862B7CFB1000F430AC /* UserRepository.swift */ = {isa = PBXFileReference; lastKnownFileType = sourcecode.swift; path = UserRepository.swift; sourceTree = "<group>"; };
		8A5A1C882B7CFC4F00F430AC /* DefaultResponse.swift */ = {isa = PBXFileReference; lastKnownFileType = sourcecode.swift; path = DefaultResponse.swift; sourceTree = "<group>"; };
		8A5A1C8D2B7CFE8300F430AC /* HomeViewModel.swift */ = {isa = PBXFileReference; lastKnownFileType = sourcecode.swift; path = HomeViewModel.swift; sourceTree = "<group>"; };
		8A5A1C8F2B7CFF7800F430AC /* HomeView.swift */ = {isa = PBXFileReference; lastKnownFileType = sourcecode.swift; path = HomeView.swift; sourceTree = "<group>"; };
		8ACC8B4B2B7CDBF8003A1DD9 /* MoyaDemo.app */ = {isa = PBXFileReference; explicitFileType = wrapper.application; includeInIndex = 0; path = MoyaDemo.app; sourceTree = BUILT_PRODUCTS_DIR; };
		8ACC8B4E2B7CDBF8003A1DD9 /* MoyaDemoApp.swift */ = {isa = PBXFileReference; lastKnownFileType = sourcecode.swift; path = MoyaDemoApp.swift; sourceTree = "<group>"; };
		8ACC8B502B7CDBF8003A1DD9 /* ContentView.swift */ = {isa = PBXFileReference; lastKnownFileType = sourcecode.swift; path = ContentView.swift; sourceTree = "<group>"; };
		8ACC8B522B7CDBFA003A1DD9 /* Assets.xcassets */ = {isa = PBXFileReference; lastKnownFileType = folder.assetcatalog; path = Assets.xcassets; sourceTree = "<group>"; };
		8ACC8B552B7CDBFA003A1DD9 /* Preview Assets.xcassets */ = {isa = PBXFileReference; lastKnownFileType = folder.assetcatalog; path = "Preview Assets.xcassets"; sourceTree = "<group>"; };
		A94C56ED2B8FBD3C0079B61C /* AddUserView.swift */ = {isa = PBXFileReference; lastKnownFileType = sourcecode.swift; path = AddUserView.swift; sourceTree = "<group>"; };
		A94C56F22B90D7E30079B61C /* UserViewModel.swift */ = {isa = PBXFileReference; lastKnownFileType = sourcecode.swift; path = UserViewModel.swift; sourceTree = "<group>"; };
/* End PBXFileReference section */

/* Begin PBXFrameworksBuildPhase section */
		8ACC8B482B7CDBF8003A1DD9 /* Frameworks */ = {
			isa = PBXFrameworksBuildPhase;
			buildActionMask = 2147483647;
			files = (
				8A2474702B7CDD12004F655A /* Moya in Frameworks */,
				8A24746E2B7CDD12004F655A /* CombineMoya in Frameworks */,
				8A2474742B7CDD12004F655A /* RxMoya in Frameworks */,
				8A2474722B7CDD12004F655A /* ReactiveMoya in Frameworks */,
			);
			runOnlyForDeploymentPostprocessing = 0;
		};
/* End PBXFrameworksBuildPhase section */

/* Begin PBXGroup section */
		8A5A1C6B2B7CF00F00F430AC /* Features */ = {
			isa = PBXGroup;
			children = (
				A94C56EF2B90D7C40079B61C /* User */,
				8A5A1C8A2B7CFE6300F430AC /* Home */,
			);
			path = Features;
			sourceTree = "<group>";
		};
		8A5A1C6C2B7CF01800F430AC /* Common */ = {
			isa = PBXGroup;
			children = (
				8A5A1C742B7CF43000F430AC /* Data */,
				8A5A1C7F2B7CF88500F430AC /* Entities */,
				8A5A1C6E2B7CF0F200F430AC /* Extension */,
				8A5A1C6D2B7CF02100F430AC /* Core */,
			);
			path = Common;
			sourceTree = "<group>";
		};
		8A5A1C6D2B7CF02100F430AC /* Core */ = {
			isa = PBXGroup;
			children = (
				8ACC8B4E2B7CDBF8003A1DD9 /* MoyaDemoApp.swift */,
				8ACC8B502B7CDBF8003A1DD9 /* ContentView.swift */,
			);
			path = Core;
			sourceTree = "<group>";
		};
		8A5A1C6E2B7CF0F200F430AC /* Extension */ = {
			isa = PBXGroup;
			children = (
				8A5A1C6F2B7CF0F900F430AC /* Moya */,
			);
			path = Extension;
			sourceTree = "<group>";
		};
		8A5A1C6F2B7CF0F900F430AC /* Moya */ = {
			isa = PBXGroup;
			children = (
				8A5A1C702B7CF11700F430AC /* MoyaProvider+defaultProvider.swift */,
				8A5A1C722B7CF1A600F430AC /* MoyaProvider+asyncRequest.swift */,
			);
			path = Moya;
			sourceTree = "<group>";
		};
		8A5A1C742B7CF43000F430AC /* Data */ = {
			isa = PBXGroup;
			children = (
				8A5A1C7A2B7CF5E800F430AC /* UseCase */,
				8A5A1C752B7CF43900F430AC /* Reusable */,
			);
			path = Data;
			sourceTree = "<group>";
		};
		8A5A1C752B7CF43900F430AC /* Reusable */ = {
			isa = PBXGroup;
			children = (
				8A5A1C762B7CF44C00F430AC /* DefaultTargetType.swift */,
				8A5A1C882B7CFC4F00F430AC /* DefaultResponse.swift */,
			);
			path = Reusable;
			sourceTree = "<group>";
		};
		8A5A1C7A2B7CF5E800F430AC /* UseCase */ = {
			isa = PBXGroup;
			children = (
				8A5A1C7B2B7CF5EF00F430AC /* User */,
			);
			path = UseCase;
			sourceTree = "<group>";
		};
		8A5A1C7B2B7CF5EF00F430AC /* User */ = {
			isa = PBXGroup;
			children = (
				8A5A1C7C2B7CF5F700F430AC /* Remote */,
				8A5A1C862B7CFB1000F430AC /* UserRepository.swift */,
			);
			path = User;
			sourceTree = "<group>";
		};
		8A5A1C7C2B7CF5F700F430AC /* Remote */ = {
			isa = PBXGroup;
			children = (
				8A5A1C7D2B7CF60700F430AC /* UserTargetType.swift */,
			);
			path = Remote;
			sourceTree = "<group>";
		};
		8A5A1C7F2B7CF88500F430AC /* Entities */ = {
			isa = PBXGroup;
			children = (
				8A5A1C802B7CF88D00F430AC /* User */,
			);
			path = Entities;
			sourceTree = "<group>";
		};
		8A5A1C802B7CF88D00F430AC /* User */ = {
			isa = PBXGroup;
			children = (
				8A5A1C822B7CF8BC00F430AC /* UserResponse.swift */,
				8A5A1C842B7CF90F00F430AC /* UserRequest.swift */,
			);
			path = User;
			sourceTree = "<group>";
		};
		8A5A1C8A2B7CFE6300F430AC /* Home */ = {
			isa = PBXGroup;
			children = (
				8A5A1C8C2B7CFE7400F430AC /* View */,
				8A5A1C8B2B7CFE6800F430AC /* ViewModel */,
			);
			path = Home;
			sourceTree = "<group>";
		};
		8A5A1C8B2B7CFE6800F430AC /* ViewModel */ = {
			isa = PBXGroup;
			children = (
				8A5A1C8D2B7CFE8300F430AC /* HomeViewModel.swift */,
			);
			path = ViewModel;
			sourceTree = "<group>";
		};
		8A5A1C8C2B7CFE7400F430AC /* View */ = {
			isa = PBXGroup;
			children = (
				8A5A1C8F2B7CFF7800F430AC /* HomeView.swift */,
			);
			path = View;
			sourceTree = "<group>";
		};
		8ACC8B422B7CDBF8003A1DD9 = {
			isa = PBXGroup;
			children = (
				8ACC8B4D2B7CDBF8003A1DD9 /* MoyaDemo */,
				8ACC8B4C2B7CDBF8003A1DD9 /* Products */,
			);
			sourceTree = "<group>";
		};
		8ACC8B4C2B7CDBF8003A1DD9 /* Products */ = {
			isa = PBXGroup;
			children = (
				8ACC8B4B2B7CDBF8003A1DD9 /* MoyaDemo.app */,
			);
			name = Products;
			sourceTree = "<group>";
		};
		8ACC8B4D2B7CDBF8003A1DD9 /* MoyaDemo */ = {
			isa = PBXGroup;
			children = (
				8A5A1C6C2B7CF01800F430AC /* Common */,
				8A5A1C6B2B7CF00F00F430AC /* Features */,
				8ACC8B522B7CDBFA003A1DD9 /* Assets.xcassets */,
				8ACC8B542B7CDBFA003A1DD9 /* Preview Content */,
			);
			path = MoyaDemo;
			sourceTree = "<group>";
		};
		8ACC8B542B7CDBFA003A1DD9 /* Preview Content */ = {
			isa = PBXGroup;
			children = (
				8ACC8B552B7CDBFA003A1DD9 /* Preview Assets.xcassets */,
			);
			path = "Preview Content";
			sourceTree = "<group>";
		};
		A94C56EF2B90D7C40079B61C /* User */ = {
			isa = PBXGroup;
			children = (
				A94C56F12B90D7D10079B61C /* ViewModel */,
				A94C56F02B90D7CE0079B61C /* View */,
			);
			path = User;
			sourceTree = "<group>";
		};
		A94C56F02B90D7CE0079B61C /* View */ = {
			isa = PBXGroup;
			children = (
				A94C56ED2B8FBD3C0079B61C /* AddUserView.swift */,
			);
			path = View;
			sourceTree = "<group>";
		};
		A94C56F12B90D7D10079B61C /* ViewModel */ = {
			isa = PBXGroup;
			children = (
				A94C56F22B90D7E30079B61C /* UserViewModel.swift */,
			);
			path = ViewModel;
			sourceTree = "<group>";
		};
/* End PBXGroup section */

/* Begin PBXNativeTarget section */
		8ACC8B4A2B7CDBF8003A1DD9 /* MoyaDemo */ = {
			isa = PBXNativeTarget;
			buildConfigurationList = 8ACC8B592B7CDBFA003A1DD9 /* Build configuration list for PBXNativeTarget "MoyaDemo" */;
			buildPhases = (
				8ACC8B472B7CDBF8003A1DD9 /* Sources */,
				8ACC8B482B7CDBF8003A1DD9 /* Frameworks */,
				8ACC8B492B7CDBF8003A1DD9 /* Resources */,
			);
			buildRules = (
			);
			dependencies = (
			);
			name = MoyaDemo;
			packageProductDependencies = (
				8A24746D2B7CDD12004F655A /* CombineMoya */,
				8A24746F2B7CDD12004F655A /* Moya */,
				8A2474712B7CDD12004F655A /* ReactiveMoya */,
				8A2474732B7CDD12004F655A /* RxMoya */,
			);
			productName = MoyaDemo;
			productReference = 8ACC8B4B2B7CDBF8003A1DD9 /* MoyaDemo.app */;
			productType = "com.apple.product-type.application";
		};
/* End PBXNativeTarget section */

/* Begin PBXProject section */
		8ACC8B432B7CDBF8003A1DD9 /* Project object */ = {
			isa = PBXProject;
			attributes = {
				BuildIndependentTargetsInParallel = 1;
				LastSwiftUpdateCheck = 1510;
				LastUpgradeCheck = 1510;
				TargetAttributes = {
					8ACC8B4A2B7CDBF8003A1DD9 = {
						CreatedOnToolsVersion = 15.1;
					};
				};
			};
			buildConfigurationList = 8ACC8B462B7CDBF8003A1DD9 /* Build configuration list for PBXProject "MoyaDemo" */;
			compatibilityVersion = "Xcode 14.0";
			developmentRegion = en;
			hasScannedForEncodings = 0;
			knownRegions = (
				en,
				Base,
			);
			mainGroup = 8ACC8B422B7CDBF8003A1DD9;
			packageReferences = (
				8A24746C2B7CDD12004F655A /* XCRemoteSwiftPackageReference "Moya" */,
			);
			productRefGroup = 8ACC8B4C2B7CDBF8003A1DD9 /* Products */;
			projectDirPath = "";
			projectRoot = "";
			targets = (
				8ACC8B4A2B7CDBF8003A1DD9 /* MoyaDemo */,
			);
		};
/* End PBXProject section */

/* Begin PBXResourcesBuildPhase section */
		8ACC8B492B7CDBF8003A1DD9 /* Resources */ = {
			isa = PBXResourcesBuildPhase;
			buildActionMask = 2147483647;
			files = (
				8ACC8B562B7CDBFA003A1DD9 /* Preview Assets.xcassets in Resources */,
				8ACC8B532B7CDBFA003A1DD9 /* Assets.xcassets in Resources */,
			);
			runOnlyForDeploymentPostprocessing = 0;
		};
/* End PBXResourcesBuildPhase section */

/* Begin PBXSourcesBuildPhase section */
		8ACC8B472B7CDBF8003A1DD9 /* Sources */ = {
			isa = PBXSourcesBuildPhase;
			buildActionMask = 2147483647;
			files = (
				8A5A1C772B7CF44C00F430AC /* DefaultTargetType.swift in Sources */,
				8A5A1C8E2B7CFE8300F430AC /* HomeViewModel.swift in Sources */,
				8A5A1C7E2B7CF60700F430AC /* UserTargetType.swift in Sources */,
				8A5A1C712B7CF11700F430AC /* MoyaProvider+defaultProvider.swift in Sources */,
				8A5A1C732B7CF1A600F430AC /* MoyaProvider+asyncRequest.swift in Sources */,
				A94C56F32B90D7E30079B61C /* UserViewModel.swift in Sources */,
				8A5A1C892B7CFC4F00F430AC /* DefaultResponse.swift in Sources */,
				8A5A1C852B7CF90F00F430AC /* UserRequest.swift in Sources */,
				8A5A1C832B7CF8BC00F430AC /* UserResponse.swift in Sources */,
				8ACC8B512B7CDBF8003A1DD9 /* ContentView.swift in Sources */,
				8A5A1C902B7CFF7800F430AC /* HomeView.swift in Sources */,
				8ACC8B4F2B7CDBF8003A1DD9 /* MoyaDemoApp.swift in Sources */,
				A94C56EE2B8FBD3C0079B61C /* AddUserView.swift in Sources */,
				8A5A1C872B7CFB1000F430AC /* UserRepository.swift in Sources */,
			);
			runOnlyForDeploymentPostprocessing = 0;
		};
/* End PBXSourcesBuildPhase section */

/* Begin XCBuildConfiguration section */
		8ACC8B572B7CDBFA003A1DD9 /* Debug */ = {
			isa = XCBuildConfiguration;
			buildSettings = {
				ALWAYS_SEARCH_USER_PATHS = NO;
				ASSETCATALOG_COMPILER_GENERATE_SWIFT_ASSET_SYMBOL_EXTENSIONS = YES;
				CLANG_ANALYZER_NONNULL = YES;
				CLANG_ANALYZER_NUMBER_OBJECT_CONVERSION = YES_AGGRESSIVE;
				CLANG_CXX_LANGUAGE_STANDARD = "gnu++20";
				CLANG_ENABLE_MODULES = YES;
				CLANG_ENABLE_OBJC_ARC = YES;
				CLANG_ENABLE_OBJC_WEAK = YES;
				CLANG_WARN_BLOCK_CAPTURE_AUTORELEASING = YES;
				CLANG_WARN_BOOL_CONVERSION = YES;
				CLANG_WARN_COMMA = YES;
				CLANG_WARN_CONSTANT_CONVERSION = YES;
				CLANG_WARN_DEPRECATED_OBJC_IMPLEMENTATIONS = YES;
				CLANG_WARN_DIRECT_OBJC_ISA_USAGE = YES_ERROR;
				CLANG_WARN_DOCUMENTATION_COMMENTS = YES;
				CLANG_WARN_EMPTY_BODY = YES;
				CLANG_WARN_ENUM_CONVERSION = YES;
				CLANG_WARN_INFINITE_RECURSION = YES;
				CLANG_WARN_INT_CONVERSION = YES;
				CLANG_WARN_NON_LITERAL_NULL_CONVERSION = YES;
				CLANG_WARN_OBJC_IMPLICIT_RETAIN_SELF = YES;
				CLANG_WARN_OBJC_LITERAL_CONVERSION = YES;
				CLANG_WARN_OBJC_ROOT_CLASS = YES_ERROR;
				CLANG_WARN_QUOTED_INCLUDE_IN_FRAMEWORK_HEADER = YES;
				CLANG_WARN_RANGE_LOOP_ANALYSIS = YES;
				CLANG_WARN_STRICT_PROTOTYPES = YES;
				CLANG_WARN_SUSPICIOUS_MOVE = YES;
				CLANG_WARN_UNGUARDED_AVAILABILITY = YES_AGGRESSIVE;
				CLANG_WARN_UNREACHABLE_CODE = YES;
				CLANG_WARN__DUPLICATE_METHOD_MATCH = YES;
				COPY_PHASE_STRIP = NO;
				DEBUG_INFORMATION_FORMAT = dwarf;
				ENABLE_STRICT_OBJC_MSGSEND = YES;
				ENABLE_TESTABILITY = YES;
				ENABLE_USER_SCRIPT_SANDBOXING = YES;
				GCC_C_LANGUAGE_STANDARD = gnu17;
				GCC_DYNAMIC_NO_PIC = NO;
				GCC_NO_COMMON_BLOCKS = YES;
				GCC_OPTIMIZATION_LEVEL = 0;
				GCC_PREPROCESSOR_DEFINITIONS = (
					"DEBUG=1",
					"$(inherited)",
				);
				GCC_WARN_64_TO_32_BIT_CONVERSION = YES;
				GCC_WARN_ABOUT_RETURN_TYPE = YES_ERROR;
				GCC_WARN_UNDECLARED_SELECTOR = YES;
				GCC_WARN_UNINITIALIZED_AUTOS = YES_AGGRESSIVE;
				GCC_WARN_UNUSED_FUNCTION = YES;
				GCC_WARN_UNUSED_VARIABLE = YES;
				IPHONEOS_DEPLOYMENT_TARGET = 17.2;
				LOCALIZATION_PREFERS_STRING_CATALOGS = YES;
				MTL_ENABLE_DEBUG_INFO = INCLUDE_SOURCE;
				MTL_FAST_MATH = YES;
				ONLY_ACTIVE_ARCH = YES;
				SDKROOT = iphoneos;
				SWIFT_ACTIVE_COMPILATION_CONDITIONS = "DEBUG $(inherited)";
				SWIFT_OPTIMIZATION_LEVEL = "-Onone";
			};
			name = Debug;
		};
		8ACC8B582B7CDBFA003A1DD9 /* Release */ = {
			isa = XCBuildConfiguration;
			buildSettings = {
				ALWAYS_SEARCH_USER_PATHS = NO;
				ASSETCATALOG_COMPILER_GENERATE_SWIFT_ASSET_SYMBOL_EXTENSIONS = YES;
				CLANG_ANALYZER_NONNULL = YES;
				CLANG_ANALYZER_NUMBER_OBJECT_CONVERSION = YES_AGGRESSIVE;
				CLANG_CXX_LANGUAGE_STANDARD = "gnu++20";
				CLANG_ENABLE_MODULES = YES;
				CLANG_ENABLE_OBJC_ARC = YES;
				CLANG_ENABLE_OBJC_WEAK = YES;
				CLANG_WARN_BLOCK_CAPTURE_AUTORELEASING = YES;
				CLANG_WARN_BOOL_CONVERSION = YES;
				CLANG_WARN_COMMA = YES;
				CLANG_WARN_CONSTANT_CONVERSION = YES;
				CLANG_WARN_DEPRECATED_OBJC_IMPLEMENTATIONS = YES;
				CLANG_WARN_DIRECT_OBJC_ISA_USAGE = YES_ERROR;
				CLANG_WARN_DOCUMENTATION_COMMENTS = YES;
				CLANG_WARN_EMPTY_BODY = YES;
				CLANG_WARN_ENUM_CONVERSION = YES;
				CLANG_WARN_INFINITE_RECURSION = YES;
				CLANG_WARN_INT_CONVERSION = YES;
				CLANG_WARN_NON_LITERAL_NULL_CONVERSION = YES;
				CLANG_WARN_OBJC_IMPLICIT_RETAIN_SELF = YES;
				CLANG_WARN_OBJC_LITERAL_CONVERSION = YES;
				CLANG_WARN_OBJC_ROOT_CLASS = YES_ERROR;
				CLANG_WARN_QUOTED_INCLUDE_IN_FRAMEWORK_HEADER = YES;
				CLANG_WARN_RANGE_LOOP_ANALYSIS = YES;
				CLANG_WARN_STRICT_PROTOTYPES = YES;
				CLANG_WARN_SUSPICIOUS_MOVE = YES;
				CLANG_WARN_UNGUARDED_AVAILABILITY = YES_AGGRESSIVE;
				CLANG_WARN_UNREACHABLE_CODE = YES;
				CLANG_WARN__DUPLICATE_METHOD_MATCH = YES;
				COPY_PHASE_STRIP = NO;
				DEBUG_INFORMATION_FORMAT = "dwarf-with-dsym";
				ENABLE_NS_ASSERTIONS = NO;
				ENABLE_STRICT_OBJC_MSGSEND = YES;
				ENABLE_USER_SCRIPT_SANDBOXING = YES;
				GCC_C_LANGUAGE_STANDARD = gnu17;
				GCC_NO_COMMON_BLOCKS = YES;
				GCC_WARN_64_TO_32_BIT_CONVERSION = YES;
				GCC_WARN_ABOUT_RETURN_TYPE = YES_ERROR;
				GCC_WARN_UNDECLARED_SELECTOR = YES;
				GCC_WARN_UNINITIALIZED_AUTOS = YES_AGGRESSIVE;
				GCC_WARN_UNUSED_FUNCTION = YES;
				GCC_WARN_UNUSED_VARIABLE = YES;
				IPHONEOS_DEPLOYMENT_TARGET = 17.2;
				LOCALIZATION_PREFERS_STRING_CATALOGS = YES;
				MTL_ENABLE_DEBUG_INFO = NO;
				MTL_FAST_MATH = YES;
				SDKROOT = iphoneos;
				SWIFT_COMPILATION_MODE = wholemodule;
				VALIDATE_PRODUCT = YES;
			};
			name = Release;
		};
		8ACC8B5A2B7CDBFA003A1DD9 /* Debug */ = {
			isa = XCBuildConfiguration;
			buildSettings = {
				ASSETCATALOG_COMPILER_APPICON_NAME = AppIcon;
				ASSETCATALOG_COMPILER_GLOBAL_ACCENT_COLOR_NAME = AccentColor;
				CODE_SIGN_STYLE = Automatic;
				CURRENT_PROJECT_VERSION = 1;
				DEVELOPMENT_ASSET_PATHS = "\"MoyaDemo/Preview Content\"";
				ENABLE_PREVIEWS = YES;
				GENERATE_INFOPLIST_FILE = YES;
				INFOPLIST_KEY_UIApplicationSceneManifest_Generation = YES;
				INFOPLIST_KEY_UIApplicationSupportsIndirectInputEvents = YES;
				INFOPLIST_KEY_UILaunchScreen_Generation = YES;
				INFOPLIST_KEY_UISupportedInterfaceOrientations_iPad = "UIInterfaceOrientationPortrait UIInterfaceOrientationPortraitUpsideDown UIInterfaceOrientationLandscapeLeft UIInterfaceOrientationLandscapeRight";
				INFOPLIST_KEY_UISupportedInterfaceOrientations_iPhone = "UIInterfaceOrientationPortrait UIInterfaceOrientationLandscapeLeft UIInterfaceOrientationLandscapeRight";
				LD_RUNPATH_SEARCH_PATHS = (
					"$(inherited)",
					"@executable_path/Frameworks",
				);
				MARKETING_VERSION = 1.0;
				PRODUCT_BUNDLE_IDENTIFIER = id.yazidal.MoyaDemo;
				PRODUCT_NAME = "$(TARGET_NAME)";
				SWIFT_EMIT_LOC_STRINGS = YES;
				SWIFT_VERSION = 5.0;
				TARGETED_DEVICE_FAMILY = "1,2";
			};
			name = Debug;
		};
		8ACC8B5B2B7CDBFA003A1DD9 /* Release */ = {
			isa = XCBuildConfiguration;
			buildSettings = {
				ASSETCATALOG_COMPILER_APPICON_NAME = AppIcon;
				ASSETCATALOG_COMPILER_GLOBAL_ACCENT_COLOR_NAME = AccentColor;
				CODE_SIGN_STYLE = Automatic;
				CURRENT_PROJECT_VERSION = 1;
				DEVELOPMENT_ASSET_PATHS = "\"MoyaDemo/Preview Content\"";
				ENABLE_PREVIEWS = YES;
				GENERATE_INFOPLIST_FILE = YES;
				INFOPLIST_KEY_UIApplicationSceneManifest_Generation = YES;
				INFOPLIST_KEY_UIApplicationSupportsIndirectInputEvents = YES;
				INFOPLIST_KEY_UILaunchScreen_Generation = YES;
				INFOPLIST_KEY_UISupportedInterfaceOrientations_iPad = "UIInterfaceOrientationPortrait UIInterfaceOrientationPortraitUpsideDown UIInterfaceOrientationLandscapeLeft UIInterfaceOrientationLandscapeRight";
				INFOPLIST_KEY_UISupportedInterfaceOrientations_iPhone = "UIInterfaceOrientationPortrait UIInterfaceOrientationLandscapeLeft UIInterfaceOrientationLandscapeRight";
				LD_RUNPATH_SEARCH_PATHS = (
					"$(inherited)",
					"@executable_path/Frameworks",
				);
				MARKETING_VERSION = 1.0;
				PRODUCT_BUNDLE_IDENTIFIER = id.yazidal.MoyaDemo;
				PRODUCT_NAME = "$(TARGET_NAME)";
				SWIFT_EMIT_LOC_STRINGS = YES;
				SWIFT_VERSION = 5.0;
				TARGETED_DEVICE_FAMILY = "1,2";
			};
			name = Release;
		};
/* End XCBuildConfiguration section */

/* Begin XCConfigurationList section */
		8ACC8B462B7CDBF8003A1DD9 /* Build configuration list for PBXProject "MoyaDemo" */ = {
			isa = XCConfigurationList;
			buildConfigurations = (
				8ACC8B572B7CDBFA003A1DD9 /* Debug */,
				8ACC8B582B7CDBFA003A1DD9 /* Release */,
			);
			defaultConfigurationIsVisible = 0;
			defaultConfigurationName = Release;
		};
		8ACC8B592B7CDBFA003A1DD9 /* Build configuration list for PBXNativeTarget "MoyaDemo" */ = {
			isa = XCConfigurationList;
			buildConfigurations = (
				8ACC8B5A2B7CDBFA003A1DD9 /* Debug */,
				8ACC8B5B2B7CDBFA003A1DD9 /* Release */,
			);
			defaultConfigurationIsVisible = 0;
			defaultConfigurationName = Release;
		};
/* End XCConfigurationList section */

/* Begin XCRemoteSwiftPackageReference section */
		8A24746C2B7CDD12004F655A /* XCRemoteSwiftPackageReference "Moya" */ = {
			isa = XCRemoteSwiftPackageReference;
			repositoryURL = "https://github.com/Moya/Moya.git";
			requirement = {
				kind = upToNextMajorVersion;
				minimumVersion = 15.0.3;
			};
		};
/* End XCRemoteSwiftPackageReference section */

/* Begin XCSwiftPackageProductDependency section */
		8A24746D2B7CDD12004F655A /* CombineMoya */ = {
			isa = XCSwiftPackageProductDependency;
			package = 8A24746C2B7CDD12004F655A /* XCRemoteSwiftPackageReference "Moya" */;
			productName = CombineMoya;
		};
		8A24746F2B7CDD12004F655A /* Moya */ = {
			isa = XCSwiftPackageProductDependency;
			package = 8A24746C2B7CDD12004F655A /* XCRemoteSwiftPackageReference "Moya" */;
			productName = Moya;
		};
		8A2474712B7CDD12004F655A /* ReactiveMoya */ = {
			isa = XCSwiftPackageProductDependency;
			package = 8A24746C2B7CDD12004F655A /* XCRemoteSwiftPackageReference "Moya" */;
			productName = ReactiveMoya;
		};
		8A2474732B7CDD12004F655A /* RxMoya */ = {
			isa = XCSwiftPackageProductDependency;
			package = 8A24746C2B7CDD12004F655A /* XCRemoteSwiftPackageReference "Moya" */;
			productName = RxMoya;
		};
/* End XCSwiftPackageProductDependency section */
	};
	rootObject = 8ACC8B432B7CDBF8003A1DD9 /* Project object */;
}
